
Microsoft Visual Studio Solution File, Format Version 12.00
# Visual Studio Version 16
VisualStudioVersion = 16.0.31515.178
MinimumVisualStudioVersion = 10.0.40219.1
Project("{9A19103F-16F7-4668-BE54-9A1E7A4F7556}") = "wsCIBB", "wsCIBB\wsCIBB.csproj", "{A5FFE60F-0C6F-483F-A6D1-7E2DC640A702}"
EndProject
Project("{9A19103F-16F7-4668-BE54-9A1E7A4F7556}") = "CIBB_Data", "CIBB_Data\CIBB_Data.csproj", "{8EB422D3-5896-4974-92F8-384413041D73}"
EndProject
Project("{9A19103F-16F7-4668-BE54-9A1E7A4F7556}") = "CIBB_Business", "CIBB_Business\CIBB_Business.csproj", "{E28883AE-7CAD-449C-B09C-D773B60FABA9}"
EndProject
Global
	GlobalSection(SolutionConfigurationPlatforms) = preSolution
		Debug|Any CPU = Debug|Any CPU
		Release|Any CPU = Release|Any CPU
	EndGlobalSection
	GlobalSection(ProjectConfigurationPlatforms) = postSolution
		{A5FFE60F-0C6F-483F-A6D1-7E2DC640A702}.Debug|Any CPU.ActiveCfg = Debug|Any CPU
		{A5FFE60F-0C6F-483F-A6D1-7E2DC640A702}.Debug|Any CPU.Build.0 = Debug|Any CPU
		{A5FFE60F-0C6F-483F-A6D1-7E2DC640A702}.Release|Any CPU.ActiveCfg = Release|Any CPU
		{A5FFE60F-0C6F-483F-A6D1-7E2DC640A702}.Release|Any CPU.Build.0 = Release|Any CPU
		{8EB422D3-5896-4974-92F8-384413041D73}.Debug|Any CPU.ActiveCfg = Debug|Any CPU
		{8EB422D3-5896-4974-92F8-384413041D73}.Debug|Any CPU.Build.0 = Debug|Any CPU
		{8EB422D3-5896-4974-92F8-384413041D73}.Release|Any CPU.ActiveCfg = Release|Any CPU
		{8EB422D3-5896-4974-92F8-384413041D73}.Release|Any CPU.Build.0 = Release|Any CPU
		{E28883AE-7CAD-449C-B09C-D773B60FABA9}.Debug|Any CPU.ActiveCfg = Debug|Any CPU
		{E28883AE-7CAD-449C-B09C-D773B60FABA9}.Debug|Any CPU.Build.0 = Debug|Any CPU
		{E28883AE-7CAD-449C-B09C-D773B60FABA9}.Release|Any CPU.ActiveCfg = Release|Any CPU
		{E28883AE-7CAD-449C-B09C-D773B60FABA9}.Release|Any CPU.Build.0 = Release|Any CPU
	EndGlobalSection
	GlobalSection(SolutionProperties) = preSolution
		HideSolutionNode = FALSE
	EndGlobalSection
	GlobalSection(ExtensibilityGlobals) = postSolution
		SolutionGuid = {6AFA0204-6998-4303-A52A-7933998C6E6B}
	EndGlobalSection
EndGlobal
